
Microsoft Visual Studio Solution File, Format Version 12.00
# Visual Studio 15
VisualStudioVersion = 15.0.28307.329
MinimumVisualStudioVersion = 10.0.40219.1
Project("{FAE04EC0-301F-11D3-BF4B-00C04F79EFBC}") = "Ch06Ex02", "Ch06Ex02\Ch06Ex02.csproj", "{B4E291EE-A3AF-42AF-8377-60BFAC3181BB}"
EndProject
Global
	GlobalSection(SolutionConfigurationPlatforms) = preSolution
		Debug|Any CPU = Debug|Any CPU
		Release|Any CPU = Release|Any CPU
	EndGlobalSection
	GlobalSection(ProjectConfigurationPlatforms) = postSolution
		{B4E291EE-A3AF-42AF-8377-60BFAC3181BB}.Debug|Any CPU.ActiveCfg = Debug|Any CPU
		{B4E291EE-A3AF-42AF-8377-60BFAC3181BB}.Debug|Any CPU.Build.0 = Debug|Any CPU
		{B4E291EE-A3AF-42AF-8377-60BFAC3181BB}.Release|Any CPU.ActiveCfg = Release|Any CPU
		{B4E291EE-A3AF-42AF-8377-60BFAC3181BB}.Release|Any CPU.Build.0 = Release|Any CPU
	EndGlobalSection
	GlobalSection(SolutionProperties) = preSolution
		HideSolutionNode = FALSE
	EndGlobalSection
	GlobalSection(ExtensibilityGlobals) = postSolution
		SolutionGuid = {E051DD0E-D26E-46E8-99E6-98EA6621AB89}
	EndGlobalSection
EndGlobal
