
Microsoft Visual Studio Solution File, Format Version 12.00
# Visual Studio 15
VisualStudioVersion = 15.0.28307.329
MinimumVisualStudioVersion = 10.0.40219.1
Project("{FAE04EC0-301F-11D3-BF4B-00C04F79EFBC}") = "CardLibrary", "CardLibrary\CardLibrary.csproj", "{37972D0B-532E-4905-8B6C-BF11ECB478E3}"
EndProject
Project("{2150E333-8FDC-42A3-9474-1A3956D46DE8}") = "Solution Items", "Solution Items", "{BC48CE82-ED0F-4749-9CB3-5C7EF79A5482}"
	ProjectSection(SolutionItems) = preProject
		Card.cs = Card.cs
		Rank.cs = Rank.cs
	EndProjectSection
EndProject
Project("{FAE04EC0-301F-11D3-BF4B-00C04F79EFBC}") = "CardClient", "CardClient\CardClient.csproj", "{60F2E81F-5D3C-4AB8-AE62-10CB39293C00}"
EndProject
Global
	GlobalSection(SolutionConfigurationPlatforms) = preSolution
		Debug|Any CPU = Debug|Any CPU
		Release|Any CPU = Release|Any CPU
	EndGlobalSection
	GlobalSection(ProjectConfigurationPlatforms) = postSolution
		{37972D0B-532E-4905-8B6C-BF11ECB478E3}.Debug|Any CPU.ActiveCfg = Debug|Any CPU
		{37972D0B-532E-4905-8B6C-BF11ECB478E3}.Debug|Any CPU.Build.0 = Debug|Any CPU
		{37972D0B-532E-4905-8B6C-BF11ECB478E3}.Release|Any CPU.ActiveCfg = Release|Any CPU
		{37972D0B-532E-4905-8B6C-BF11ECB478E3}.Release|Any CPU.Build.0 = Release|Any CPU
		{60F2E81F-5D3C-4AB8-AE62-10CB39293C00}.Debug|Any CPU.ActiveCfg = Debug|Any CPU
		{60F2E81F-5D3C-4AB8-AE62-10CB39293C00}.Debug|Any CPU.Build.0 = Debug|Any CPU
		{60F2E81F-5D3C-4AB8-AE62-10CB39293C00}.Release|Any CPU.ActiveCfg = Release|Any CPU
		{60F2E81F-5D3C-4AB8-AE62-10CB39293C00}.Release|Any CPU.Build.0 = Release|Any CPU
	EndGlobalSection
	GlobalSection(SolutionProperties) = preSolution
		HideSolutionNode = FALSE
	EndGlobalSection
	GlobalSection(ExtensibilityGlobals) = postSolution
		SolutionGuid = {CF017AAD-2E8F-4EDB-9584-0597CBAFAA72}
	EndGlobalSection
EndGlobal
