
Microsoft Visual Studio Solution File, Format Version 12.00
# Visual Studio 15
VisualStudioVersion = 15.0.28307.329
MinimumVisualStudioVersion = 10.0.40219.1
Project("{FAE04EC0-301F-11D3-BF4B-00C04F79EFBC}") = "Ch06Ex03", "Ch06Ex03\Ch06Ex03.csproj", "{47D71672-022A-49C2-A148-C6A0A483A98E}"
EndProject
Global
	GlobalSection(SolutionConfigurationPlatforms) = preSolution
		Debug|Any CPU = Debug|Any CPU
		Release|Any CPU = Release|Any CPU
	EndGlobalSection
	GlobalSection(ProjectConfigurationPlatforms) = postSolution
		{47D71672-022A-49C2-A148-C6A0A483A98E}.Debug|Any CPU.ActiveCfg = Debug|Any CPU
		{47D71672-022A-49C2-A148-C6A0A483A98E}.Debug|Any CPU.Build.0 = Debug|Any CPU
		{47D71672-022A-49C2-A148-C6A0A483A98E}.Release|Any CPU.ActiveCfg = Release|Any CPU
		{47D71672-022A-49C2-A148-C6A0A483A98E}.Release|Any CPU.Build.0 = Release|Any CPU
	EndGlobalSection
	GlobalSection(SolutionProperties) = preSolution
		HideSolutionNode = FALSE
	EndGlobalSection
	GlobalSection(ExtensibilityGlobals) = postSolution
		SolutionGuid = {24C3880F-E7EE-4C34-8C04-53185347E801}
	EndGlobalSection
EndGlobal
