
Microsoft Visual Studio Solution File, Format Version 12.00
# Visual Studio 15
VisualStudioVersion = 15.0.28307.329
MinimumVisualStudioVersion = 10.0.40219.1
Project("{FAE04EC0-301F-11D3-BF4B-00C04F79EFBC}") = "Test_Control_structure", "Test_Control_structure\Test_Control_structure.csproj", "{5AAC04F4-C102-4449-94E2-945CE13D720B}"
EndProject
Global
	GlobalSection(SolutionConfigurationPlatforms) = preSolution
		Debug|Any CPU = Debug|Any CPU
		Release|Any CPU = Release|Any CPU
	EndGlobalSection
	GlobalSection(ProjectConfigurationPlatforms) = postSolution
		{5AAC04F4-C102-4449-94E2-945CE13D720B}.Debug|Any CPU.ActiveCfg = Debug|Any CPU
		{5AAC04F4-C102-4449-94E2-945CE13D720B}.Debug|Any CPU.Build.0 = Debug|Any CPU
		{5AAC04F4-C102-4449-94E2-945CE13D720B}.Release|Any CPU.ActiveCfg = Release|Any CPU
		{5AAC04F4-C102-4449-94E2-945CE13D720B}.Release|Any CPU.Build.0 = Release|Any CPU
	EndGlobalSection
	GlobalSection(SolutionProperties) = preSolution
		HideSolutionNode = FALSE
	EndGlobalSection
	GlobalSection(ExtensibilityGlobals) = postSolution
		SolutionGuid = {78855B0B-51D0-4657-BA76-98E64890EC9A}
	EndGlobalSection
EndGlobal
