
Microsoft Visual Studio Solution File, Format Version 12.00
# Visual Studio 15
VisualStudioVersion = 15.0.28307.329
MinimumVisualStudioVersion = 10.0.40219.1
Project("{FAE04EC0-301F-11D3-BF4B-00C04F79EFBC}") = "Manual Menu", "Manual Menu\Manual Menu.csproj", "{1043CEEE-E320-4C97-9E4D-2A3E3AAA0DDC}"
EndProject
Global
	GlobalSection(SolutionConfigurationPlatforms) = preSolution
		Debug|Any CPU = Debug|Any CPU
		Release|Any CPU = Release|Any CPU
	EndGlobalSection
	GlobalSection(ProjectConfigurationPlatforms) = postSolution
		{1043CEEE-E320-4C97-9E4D-2A3E3AAA0DDC}.Debug|Any CPU.ActiveCfg = Debug|Any CPU
		{1043CEEE-E320-4C97-9E4D-2A3E3AAA0DDC}.Debug|Any CPU.Build.0 = Debug|Any CPU
		{1043CEEE-E320-4C97-9E4D-2A3E3AAA0DDC}.Release|Any CPU.ActiveCfg = Release|Any CPU
		{1043CEEE-E320-4C97-9E4D-2A3E3AAA0DDC}.Release|Any CPU.Build.0 = Release|Any CPU
	EndGlobalSection
	GlobalSection(SolutionProperties) = preSolution
		HideSolutionNode = FALSE
	EndGlobalSection
	GlobalSection(ExtensibilityGlobals) = postSolution
		SolutionGuid = {8AE7ADA3-F548-48AE-93B5-C3CD43DE289F}
	EndGlobalSection
EndGlobal
