
Microsoft Visual Studio Solution File, Format Version 12.00
# Visual Studio 15
VisualStudioVersion = 15.0.28307.329
MinimumVisualStudioVersion = 10.0.40219.1
Project("{FAE04EC0-301F-11D3-BF4B-00C04F79EFBC}") = "Test_Definition_Of_Event", "Test_Definition_Of_Event\Test_Definition_Of_Event.csproj", "{7DBA076F-BD9D-4551-9145-BE9F75F7DB6B}"
EndProject
Global
	GlobalSection(SolutionConfigurationPlatforms) = preSolution
		Debug|Any CPU = Debug|Any CPU
		Release|Any CPU = Release|Any CPU
	EndGlobalSection
	GlobalSection(ProjectConfigurationPlatforms) = postSolution
		{7DBA076F-BD9D-4551-9145-BE9F75F7DB6B}.Debug|Any CPU.ActiveCfg = Debug|Any CPU
		{7DBA076F-BD9D-4551-9145-BE9F75F7DB6B}.Debug|Any CPU.Build.0 = Debug|Any CPU
		{7DBA076F-BD9D-4551-9145-BE9F75F7DB6B}.Release|Any CPU.ActiveCfg = Release|Any CPU
		{7DBA076F-BD9D-4551-9145-BE9F75F7DB6B}.Release|Any CPU.Build.0 = Release|Any CPU
	EndGlobalSection
	GlobalSection(SolutionProperties) = preSolution
		HideSolutionNode = FALSE
	EndGlobalSection
	GlobalSection(ExtensibilityGlobals) = postSolution
		SolutionGuid = {AE7A537B-6627-4B9C-8BBD-A5D9002F83FC}
	EndGlobalSection
EndGlobal
