
Microsoft Visual Studio Solution File, Format Version 12.00
# Visual Studio 15
VisualStudioVersion = 15.0.28307.329
MinimumVisualStudioVersion = 10.0.40219.1
Project("{FAE04EC0-301F-11D3-BF4B-00C04F79EFBC}") = "MDIBasic", "MDIBasic\MDIBasic.csproj", "{632A9437-7C70-4964-B57C-660B84667282}"
EndProject
Global
	GlobalSection(SolutionConfigurationPlatforms) = preSolution
		Debug|Any CPU = Debug|Any CPU
		Release|Any CPU = Release|Any CPU
	EndGlobalSection
	GlobalSection(ProjectConfigurationPlatforms) = postSolution
		{632A9437-7C70-4964-B57C-660B84667282}.Debug|Any CPU.ActiveCfg = Debug|Any CPU
		{632A9437-7C70-4964-B57C-660B84667282}.Debug|Any CPU.Build.0 = Debug|Any CPU
		{632A9437-7C70-4964-B57C-660B84667282}.Release|Any CPU.ActiveCfg = Release|Any CPU
		{632A9437-7C70-4964-B57C-660B84667282}.Release|Any CPU.Build.0 = Release|Any CPU
	EndGlobalSection
	GlobalSection(SolutionProperties) = preSolution
		HideSolutionNode = FALSE
	EndGlobalSection
	GlobalSection(ExtensibilityGlobals) = postSolution
		SolutionGuid = {C434D83A-5829-4BFB-9B8B-DFF0E470B89F}
	EndGlobalSection
EndGlobal
