
Microsoft Visual Studio Solution File, Format Version 12.00
# Visual Studio 15
VisualStudioVersion = 15.0.28307.329
MinimumVisualStudioVersion = 10.0.40219.1
Project("{FAE04EC0-301F-11D3-BF4B-00C04F79EFBC}") = "LLabelTextbox", "LLabelTextbox\LLabelTextbox.csproj", "{652BAFC0-37D4-4477-A073-3A120C3D0057}"
EndProject
Project("{FAE04EC0-301F-11D3-BF4B-00C04F79EFBC}") = "LabelTextTest", "LabelTextTest\LabelTextTest.csproj", "{32838DF1-D9E8-45A7-89B7-2B351918438A}"
EndProject
Global
	GlobalSection(SolutionConfigurationPlatforms) = preSolution
		Debug|Any CPU = Debug|Any CPU
		Release|Any CPU = Release|Any CPU
	EndGlobalSection
	GlobalSection(ProjectConfigurationPlatforms) = postSolution
		{652BAFC0-37D4-4477-A073-3A120C3D0057}.Debug|Any CPU.ActiveCfg = Debug|Any CPU
		{652BAFC0-37D4-4477-A073-3A120C3D0057}.Debug|Any CPU.Build.0 = Debug|Any CPU
		{652BAFC0-37D4-4477-A073-3A120C3D0057}.Release|Any CPU.ActiveCfg = Release|Any CPU
		{652BAFC0-37D4-4477-A073-3A120C3D0057}.Release|Any CPU.Build.0 = Release|Any CPU
		{32838DF1-D9E8-45A7-89B7-2B351918438A}.Debug|Any CPU.ActiveCfg = Debug|Any CPU
		{32838DF1-D9E8-45A7-89B7-2B351918438A}.Debug|Any CPU.Build.0 = Debug|Any CPU
		{32838DF1-D9E8-45A7-89B7-2B351918438A}.Release|Any CPU.ActiveCfg = Release|Any CPU
		{32838DF1-D9E8-45A7-89B7-2B351918438A}.Release|Any CPU.Build.0 = Release|Any CPU
	EndGlobalSection
	GlobalSection(SolutionProperties) = preSolution
		HideSolutionNode = FALSE
	EndGlobalSection
	GlobalSection(ExtensibilityGlobals) = postSolution
		SolutionGuid = {AB5F65BD-39D2-4ED1-9451-944299724910}
	EndGlobalSection
EndGlobal
