
Microsoft Visual Studio Solution File, Format Version 12.00
# Visual Studio 15
VisualStudioVersion = 15.0.28307.329
MinimumVisualStudioVersion = 10.0.40219.1
Project("{FAE04EC0-301F-11D3-BF4B-00C04F79EFBC}") = "SnapLine", "SnapLine\SnapLine.csproj", "{3853128E-4978-4758-96E1-673DA3123CCC}"
EndProject
Global
	GlobalSection(SolutionConfigurationPlatforms) = preSolution
		Debug|Any CPU = Debug|Any CPU
		Release|Any CPU = Release|Any CPU
	EndGlobalSection
	GlobalSection(ProjectConfigurationPlatforms) = postSolution
		{3853128E-4978-4758-96E1-673DA3123CCC}.Debug|Any CPU.ActiveCfg = Debug|Any CPU
		{3853128E-4978-4758-96E1-673DA3123CCC}.Debug|Any CPU.Build.0 = Debug|Any CPU
		{3853128E-4978-4758-96E1-673DA3123CCC}.Release|Any CPU.ActiveCfg = Release|Any CPU
		{3853128E-4978-4758-96E1-673DA3123CCC}.Release|Any CPU.Build.0 = Release|Any CPU
	EndGlobalSection
	GlobalSection(SolutionProperties) = preSolution
		HideSolutionNode = FALSE
	EndGlobalSection
	GlobalSection(ExtensibilityGlobals) = postSolution
		SolutionGuid = {6A5D1CF8-95D8-4AEC-B751-22F108E0AAA0}
	EndGlobalSection
EndGlobal
