
Microsoft Visual Studio Solution File, Format Version 12.00
# Visual Studio 15
VisualStudioVersion = 15.0.28307.329
MinimumVisualStudioVersion = 10.0.40219.1
Project("{FAE04EC0-301F-11D3-BF4B-00C04F79EFBC}") = "Test_List_T", "Test_List_T\Test_List_T.csproj", "{983F1FE2-B5EA-4C1A-91E1-A35CC5EECE6B}"
EndProject
Global
	GlobalSection(SolutionConfigurationPlatforms) = preSolution
		Debug|Any CPU = Debug|Any CPU
		Release|Any CPU = Release|Any CPU
	EndGlobalSection
	GlobalSection(ProjectConfigurationPlatforms) = postSolution
		{983F1FE2-B5EA-4C1A-91E1-A35CC5EECE6B}.Debug|Any CPU.ActiveCfg = Debug|Any CPU
		{983F1FE2-B5EA-4C1A-91E1-A35CC5EECE6B}.Debug|Any CPU.Build.0 = Debug|Any CPU
		{983F1FE2-B5EA-4C1A-91E1-A35CC5EECE6B}.Release|Any CPU.ActiveCfg = Release|Any CPU
		{983F1FE2-B5EA-4C1A-91E1-A35CC5EECE6B}.Release|Any CPU.Build.0 = Release|Any CPU
	EndGlobalSection
	GlobalSection(SolutionProperties) = preSolution
		HideSolutionNode = FALSE
	EndGlobalSection
	GlobalSection(ExtensibilityGlobals) = postSolution
		SolutionGuid = {B78D88A7-E32F-43E8-AB8C-66B2FF72EDB3}
	EndGlobalSection
EndGlobal
