
Microsoft Visual Studio Solution File, Format Version 12.00
# Visual Studio 15
VisualStudioVersion = 15.0.28307.329
MinimumVisualStudioVersion = 10.0.40219.1
Project("{FAE04EC0-301F-11D3-BF4B-00C04F79EFBC}") = "Ch06Ex01_TestFunction", "Ch06Ex01_TestFunction\Ch06Ex01_TestFunction.csproj", "{C1A680C5-DB73-4A88-BF8D-FE555CFDD639}"
EndProject
Global
	GlobalSection(SolutionConfigurationPlatforms) = preSolution
		Debug|Any CPU = Debug|Any CPU
		Release|Any CPU = Release|Any CPU
	EndGlobalSection
	GlobalSection(ProjectConfigurationPlatforms) = postSolution
		{C1A680C5-DB73-4A88-BF8D-FE555CFDD639}.Debug|Any CPU.ActiveCfg = Debug|Any CPU
		{C1A680C5-DB73-4A88-BF8D-FE555CFDD639}.Debug|Any CPU.Build.0 = Debug|Any CPU
		{C1A680C5-DB73-4A88-BF8D-FE555CFDD639}.Release|Any CPU.ActiveCfg = Release|Any CPU
		{C1A680C5-DB73-4A88-BF8D-FE555CFDD639}.Release|Any CPU.Build.0 = Release|Any CPU
	EndGlobalSection
	GlobalSection(SolutionProperties) = preSolution
		HideSolutionNode = FALSE
	EndGlobalSection
	GlobalSection(ExtensibilityGlobals) = postSolution
		SolutionGuid = {3CE6ED56-3250-4985-825F-4239A41BF5D9}
	EndGlobalSection
EndGlobal
