
Microsoft Visual Studio Solution File, Format Version 12.00
# Visual Studio 15
VisualStudioVersion = 15.0.28307.329
MinimumVisualStudioVersion = 10.0.40219.1
Project("{FAE04EC0-301F-11D3-BF4B-00C04F79EFBC}") = "Insertion_Sort", "Insertion_Sort\Insertion_Sort.csproj", "{96B0F5AE-E537-44E6-B8DE-8A7F403A9907}"
EndProject
Global
	GlobalSection(SolutionConfigurationPlatforms) = preSolution
		Debug|Any CPU = Debug|Any CPU
		Release|Any CPU = Release|Any CPU
	EndGlobalSection
	GlobalSection(ProjectConfigurationPlatforms) = postSolution
		{96B0F5AE-E537-44E6-B8DE-8A7F403A9907}.Debug|Any CPU.ActiveCfg = Debug|Any CPU
		{96B0F5AE-E537-44E6-B8DE-8A7F403A9907}.Debug|Any CPU.Build.0 = Debug|Any CPU
		{96B0F5AE-E537-44E6-B8DE-8A7F403A9907}.Release|Any CPU.ActiveCfg = Release|Any CPU
		{96B0F5AE-E537-44E6-B8DE-8A7F403A9907}.Release|Any CPU.Build.0 = Release|Any CPU
	EndGlobalSection
	GlobalSection(SolutionProperties) = preSolution
		HideSolutionNode = FALSE
	EndGlobalSection
	GlobalSection(ExtensibilityGlobals) = postSolution
		SolutionGuid = {6D44CDA2-EB63-40E4-B033-A0912F487E27}
	EndGlobalSection
EndGlobal
